// !$*UTF8*$!
{
	archiveVersion = 1;
	classes = {
	};
	objectVersion = 46;
	objects = {

/* Begin PBXBuildFile section */
		93BCBB401C88F2F9005D2AF7 /* AppDelegate.swift in Sources */ = {isa = PBXBuildFile; fileRef = 93BCBB3F1C88F2F9005D2AF7 /* AppDelegate.swift */; };
		93BCBB421C88F2F9005D2AF7 /* MainViewController.swift in Sources */ = {isa = PBXBuildFile; fileRef = 93BCBB411C88F2F9005D2AF7 /* MainViewController.swift */; };
		93BCBB451C88F2F9005D2AF7 /* Main.storyboard in Resources */ = {isa = PBXBuildFile; fileRef = 93BCBB431C88F2F9005D2AF7 /* Main.storyboard */; };
		93BCBB471C88F2F9005D2AF7 /* Assets.xcassets in Resources */ = {isa = PBXBuildFile; fileRef = 93BCBB461C88F2F9005D2AF7 /* Assets.xcassets */; };
		93BCBB4A1C88F2F9005D2AF7 /* LaunchScreen.storyboard in Resources */ = {isa = PBXBuildFile; fileRef = 93BCBB481C88F2F9005D2AF7 /* LaunchScreen.storyboard */; };
		93BCBC2A1C890752005D2AF7 /* SystemConfiguration.framework in Frameworks */ = {isa = PBXBuildFile; fileRef = 93BCBC291C890752005D2AF7 /* SystemConfiguration.framework */; };
		93BCBC2C1C89075C005D2AF7 /* libsqlite3.tbd in Frameworks */ = {isa = PBXBuildFile; fileRef = 93BCBC2B1C89075C005D2AF7 /* libsqlite3.tbd */; };
		93BCBC2E1C890762005D2AF7 /* libz.tbd in Frameworks */ = {isa = PBXBuildFile; fileRef = 93BCBC2D1C890762005D2AF7 /* libz.tbd */; };
		93BCBC391C8B3162005D2AF7 /* SignUpViewController.swift in Sources */ = {isa = PBXBuildFile; fileRef = 93BCBC381C8B3162005D2AF7 /* SignUpViewController.swift */; };
		93BCBC3B1C8B35D6005D2AF7 /* RegisterUserViewController.swift in Sources */ = {isa = PBXBuildFile; fileRef = 93BCBC3A1C8B35D6005D2AF7 /* RegisterUserViewController.swift */; };
		93BCBC3D1C8B37A5005D2AF7 /* suhDude2NL.aif in Resources */ = {isa = PBXBuildFile; fileRef = 93BCBC3C1C8B37A5005D2AF7 /* suhDude2NL.aif */; };
		93BCBC421C8B57D5005D2AF7 /* Extensions.swift in Sources */ = {isa = PBXBuildFile; fileRef = 93BCBC411C8B57D5005D2AF7 /* Extensions.swift */; };
		93BCBC451C8B6314005D2AF7 /* UserManager.swift in Sources */ = {isa = PBXBuildFile; fileRef = 93BCBC441C8B6314005D2AF7 /* UserManager.swift */; };
		93BCBC481C8B742A005D2AF7 /* knewave-outline.ttf in Resources */ = {isa = PBXBuildFile; fileRef = 93BCBC461C8B742A005D2AF7 /* knewave-outline.ttf */; };
		93BCBC491C8B742A005D2AF7 /* knewave.ttf in Resources */ = {isa = PBXBuildFile; fileRef = 93BCBC471C8B742A005D2AF7 /* knewave.ttf */; };
		93BCBC4F1C8BA27C005D2AF7 /* Device.swift in Sources */ = {isa = PBXBuildFile; fileRef = 93BCBC4E1C8BA27C005D2AF7 /* Device.swift */; };
		93BCBC511C8D488F005D2AF7 /* PushManager.swift in Sources */ = {isa = PBXBuildFile; fileRef = 93BCBC501C8D488F005D2AF7 /* PushManager.swift */; };
		93BCBE311C8F916F005D2AF7 /* AddFriendsViewController.swift in Sources */ = {isa = PBXBuildFile; fileRef = 93BCBE301C8F916F005D2AF7 /* AddFriendsViewController.swift */; };
		93BCBE361C8FD29C005D2AF7 /* AddFriendTableViewCell.swift in Sources */ = {isa = PBXBuildFile; fileRef = 93BCBE351C8FD29C005D2AF7 /* AddFriendTableViewCell.swift */; };
		93BCBF031C90A420005D2AF7 /* backendless.a in Frameworks */ = {isa = PBXBuildFile; fileRef = 93BCBE391C90A41F005D2AF7 /* backendless.a */; };
		93BCBF041C90A420005D2AF7 /* CommLibiOS.a in Frameworks */ = {isa = PBXBuildFile; fileRef = 93BCBE7D1C90A420005D2AF7 /* CommLibiOS.a */; };
		93BCBF051C90A420005D2AF7 /* libavcodec.a in Frameworks */ = {isa = PBXBuildFile; fileRef = 93BCBEE31C90A420005D2AF7 /* libavcodec.a */; };
		93BCBF061C90A420005D2AF7 /* libavdevice.a in Frameworks */ = {isa = PBXBuildFile; fileRef = 93BCBEE41C90A420005D2AF7 /* libavdevice.a */; };
		93BCBF071C90A420005D2AF7 /* libavfilter.a in Frameworks */ = {isa = PBXBuildFile; fileRef = 93BCBEE51C90A420005D2AF7 /* libavfilter.a */; };
		93BCBF081C90A420005D2AF7 /* libavformat.a in Frameworks */ = {isa = PBXBuildFile; fileRef = 93BCBEE61C90A420005D2AF7 /* libavformat.a */; };
		93BCBF091C90A420005D2AF7 /* libavutil.a in Frameworks */ = {isa = PBXBuildFile; fileRef = 93BCBEE71C90A420005D2AF7 /* libavutil.a */; };
		93BCBF0A1C90A420005D2AF7 /* libswscale.a in Frameworks */ = {isa = PBXBuildFile; fileRef = 93BCBEE81C90A420005D2AF7 /* libswscale.a */; };
		93BCBF0B1C90A420005D2AF7 /* MediaLibiOS.a in Frameworks */ = {isa = PBXBuildFile; fileRef = 93BCBEF11C90A420005D2AF7 /* MediaLibiOS.a */; };
		93BCBF0C1C90A420005D2AF7 /* libspeex.a in Frameworks */ = {isa = PBXBuildFile; fileRef = 93BCBEFC1C90A420005D2AF7 /* libspeex.a */; };
		93BCBF0D1C90A420005D2AF7 /* libx264.a in Frameworks */ = {isa = PBXBuildFile; fileRef = 93BCBF021C90A420005D2AF7 /* libx264.a */; };
/* End PBXBuildFile section */

/* Begin PBXFileReference section */
		93BCBB3C1C88F2F9005D2AF7 /* SuhDude.app */ = {isa = PBXFileReference; explicitFileType = wrapper.application; includeInIndex = 0; path = SuhDude.app; sourceTree = BUILT_PRODUCTS_DIR; };
		93BCBB3F1C88F2F9005D2AF7 /* AppDelegate.swift */ = {isa = PBXFileReference; lastKnownFileType = sourcecode.swift; path = AppDelegate.swift; sourceTree = "<group>"; };
		93BCBB411C88F2F9005D2AF7 /* MainViewController.swift */ = {isa = PBXFileReference; lastKnownFileType = sourcecode.swift; path = MainViewController.swift; sourceTree = "<group>"; };
		93BCBB441C88F2F9005D2AF7 /* Base */ = {isa = PBXFileReference; lastKnownFileType = file.storyboard; name = Base; path = Base.lproj/Main.storyboard; sourceTree = "<group>"; };
		93BCBB461C88F2F9005D2AF7 /* Assets.xcassets */ = {isa = PBXFileReference; lastKnownFileType = folder.assetcatalog; path = Assets.xcassets; sourceTree = "<group>"; };
		93BCBB491C88F2F9005D2AF7 /* Base */ = {isa = PBXFileReference; lastKnownFileType = file.storyboard; name = Base; path = Base.lproj/LaunchScreen.storyboard; sourceTree = "<group>"; };
		93BCBB4B1C88F2F9005D2AF7 /* Info.plist */ = {isa = PBXFileReference; lastKnownFileType = text.plist.xml; path = Info.plist; sourceTree = "<group>"; };
		93BCBC291C890752005D2AF7 /* SystemConfiguration.framework */ = {isa = PBXFileReference; lastKnownFileType = wrapper.framework; name = SystemConfiguration.framework; path = System/Library/Frameworks/SystemConfiguration.framework; sourceTree = SDKROOT; };
		93BCBC2B1C89075C005D2AF7 /* libsqlite3.tbd */ = {isa = PBXFileReference; lastKnownFileType = "sourcecode.text-based-dylib-definition"; name = libsqlite3.tbd; path = usr/lib/libsqlite3.tbd; sourceTree = SDKROOT; };
		93BCBC2D1C890762005D2AF7 /* libz.tbd */ = {isa = PBXFileReference; lastKnownFileType = "sourcecode.text-based-dylib-definition"; name = libz.tbd; path = usr/lib/libz.tbd; sourceTree = SDKROOT; };
		93BCBC381C8B3162005D2AF7 /* SignUpViewController.swift */ = {isa = PBXFileReference; fileEncoding = 4; lastKnownFileType = sourcecode.swift; path = SignUpViewController.swift; sourceTree = "<group>"; };
		93BCBC3A1C8B35D6005D2AF7 /* RegisterUserViewController.swift */ = {isa = PBXFileReference; fileEncoding = 4; lastKnownFileType = sourcecode.swift; path = RegisterUserViewController.swift; sourceTree = "<group>"; };
		93BCBC3C1C8B37A5005D2AF7 /* suhDude2NL.aif */ = {isa = PBXFileReference; lastKnownFileType = file; path = suhDude2NL.aif; sourceTree = "<group>"; };
		93BCBC411C8B57D5005D2AF7 /* Extensions.swift */ = {isa = PBXFileReference; fileEncoding = 4; lastKnownFileType = sourcecode.swift; path = Extensions.swift; sourceTree = "<group>"; };
		93BCBC441C8B6314005D2AF7 /* UserManager.swift */ = {isa = PBXFileReference; fileEncoding = 4; lastKnownFileType = sourcecode.swift; path = UserManager.swift; sourceTree = "<group>"; };
		93BCBC461C8B742A005D2AF7 /* knewave-outline.ttf */ = {isa = PBXFileReference; lastKnownFileType = file; path = "knewave-outline.ttf"; sourceTree = "<group>"; };
		93BCBC471C8B742A005D2AF7 /* knewave.ttf */ = {isa = PBXFileReference; lastKnownFileType = file; path = knewave.ttf; sourceTree = "<group>"; };
		93BCBC4E1C8BA27C005D2AF7 /* Device.swift */ = {isa = PBXFileReference; fileEncoding = 4; lastKnownFileType = sourcecode.swift; path = Device.swift; sourceTree = "<group>"; };
		93BCBC501C8D488F005D2AF7 /* PushManager.swift */ = {isa = PBXFileReference; fileEncoding = 4; lastKnownFileType = sourcecode.swift; path = PushManager.swift; sourceTree = "<group>"; };
		93BCBE301C8F916F005D2AF7 /* AddFriendsViewController.swift */ = {isa = PBXFileReference; fileEncoding = 4; lastKnownFileType = sourcecode.swift; path = AddFriendsViewController.swift; sourceTree = "<group>"; };
		93BCBE351C8FD29C005D2AF7 /* AddFriendTableViewCell.swift */ = {isa = PBXFileReference; fileEncoding = 4; lastKnownFileType = sourcecode.swift; path = AddFriendTableViewCell.swift; sourceTree = "<group>"; };
		93BCBE391C90A41F005D2AF7 /* backendless.a */ = {isa = PBXFileReference; lastKnownFileType = archive.ar; path = backendless.a; sourceTree = "<group>"; };
		93BCBE3B1C90A420005D2AF7 /* AbstractProperty.h */ = {isa = PBXFileReference; fileEncoding = 4; lastKnownFileType = sourcecode.c.h; path = AbstractProperty.h; sourceTree = "<group>"; };
		93BCBE3C1C90A420005D2AF7 /* AbstractQuery.h */ = {isa = PBXFileReference; fileEncoding = 4; lastKnownFileType = sourcecode.c.h; path = AbstractQuery.h; sourceTree = "<group>"; };
		93BCBE3D1C90A420005D2AF7 /* AtomicCounters.h */ = {isa = PBXFileReference; fileEncoding = 4; lastKnownFileType = sourcecode.c.h; path = AtomicCounters.h; sourceTree = "<group>"; };
		93BCBE3E1C90A420005D2AF7 /* AtomicCountersFactory.h */ = {isa = PBXFileReference; fileEncoding = 4; lastKnownFileType = sourcecode.c.h; path = AtomicCountersFactory.h; sourceTree = "<group>"; };
		93BCBE3F1C90A420005D2AF7 /* Backendless-Bridging-Header.h */ = {isa = PBXFileReference; fileEncoding = 4; lastKnownFileType = sourcecode.c.h; path = "Backendless-Bridging-Header.h"; sourceTree = "<group>"; };
		93BCBE401C90A420005D2AF7 /* Backendless-With-Media-Bridging-Header.h */ = {isa = PBXFileReference; fileEncoding = 4; lastKnownFileType = sourcecode.c.h; path = "Backendless-With-Media-Bridging-Header.h"; sourceTree = "<group>"; };
		93BCBE411C90A420005D2AF7 /* Backendless.h */ = {isa = PBXFileReference; fileEncoding = 4; lastKnownFileType = sourcecode.c.h; path = Backendless.h; sourceTree = "<group>"; };
		93BCBE421C90A420005D2AF7 /* BackendlessBeacon.h */ = {isa = PBXFileReference; fileEncoding = 4; lastKnownFileType = sourcecode.c.h; path = BackendlessBeacon.h; sourceTree = "<group>"; };
		93BCBE431C90A420005D2AF7 /* BackendlessCachePolicy.h */ = {isa = PBXFileReference; fileEncoding = 4; lastKnownFileType = sourcecode.c.h; path = BackendlessCachePolicy.h; sourceTree = "<group>"; };
		93BCBE441C90A420005D2AF7 /* BackendlessCacheProtocol.h */ = {isa = PBXFileReference; fileEncoding = 4; lastKnownFileType = sourcecode.c.h; path = BackendlessCacheProtocol.h; sourceTree = "<group>"; };
		93BCBE451C90A420005D2AF7 /* BackendlessCollection.h */ = {isa = PBXFileReference; fileEncoding = 4; lastKnownFileType = sourcecode.c.h; path = BackendlessCollection.h; sourceTree = "<group>"; };
		93BCBE461C90A420005D2AF7 /* BackendlessDataQuery.h */ = {isa = PBXFileReference; fileEncoding = 4; lastKnownFileType = sourcecode.c.h; path = BackendlessDataQuery.h; sourceTree = "<group>"; };
		93BCBE471C90A420005D2AF7 /* BackendlessEntity.h */ = {isa = PBXFileReference; fileEncoding = 4; lastKnownFileType = sourcecode.c.h; path = BackendlessEntity.h; sourceTree = "<group>"; };
		93BCBE481C90A420005D2AF7 /* BackendlessFile.h */ = {isa = PBXFileReference; fileEncoding = 4; lastKnownFileType = sourcecode.c.h; path = BackendlessFile.h; sourceTree = "<group>"; };
		93BCBE491C90A420005D2AF7 /* BackendlessGeoQuery.h */ = {isa = PBXFileReference; fileEncoding = 4; lastKnownFileType = sourcecode.c.h; path = BackendlessGeoQuery.h; sourceTree = "<group>"; };
		93BCBE4A1C90A420005D2AF7 /* BackendlessSimpleQuery.h */ = {isa = PBXFileReference; fileEncoding = 4; lastKnownFileType = sourcecode.c.h; path = BackendlessSimpleQuery.h; sourceTree = "<group>"; };
		93BCBE4B1C90A420005D2AF7 /* BackendlessUser.h */ = {isa = PBXFileReference; fileEncoding = 4; lastKnownFileType = sourcecode.c.h; path = BackendlessUser.h; sourceTree = "<group>"; };
		93BCBE4C1C90A420005D2AF7 /* BEAnnotation.h */ = {isa = PBXFileReference; fileEncoding = 4; lastKnownFileType = sourcecode.c.h; path = BEAnnotation.h; sourceTree = "<group>"; };
		93BCBE4D1C90A420005D2AF7 /* BECollectionView.h */ = {isa = PBXFileReference; fileEncoding = 4; lastKnownFileType = sourcecode.c.h; path = BECollectionView.h; sourceTree = "<group>"; };
		93BCBE4E1C90A420005D2AF7 /* BEFileInfo.h */ = {isa = PBXFileReference; fileEncoding = 4; lastKnownFileType = sourcecode.c.h; path = BEFileInfo.h; sourceTree = "<group>"; };
		93BCBE4F1C90A420005D2AF7 /* BEMapView.h */ = {isa = PBXFileReference; fileEncoding = 4; lastKnownFileType = sourcecode.c.h; path = BEMapView.h; sourceTree = "<group>"; };
		93BCBE501C90A420005D2AF7 /* BESubscription.h */ = {isa = PBXFileReference; fileEncoding = 4; lastKnownFileType = sourcecode.c.h; path = BESubscription.h; sourceTree = "<group>"; };
		93BCBE511C90A420005D2AF7 /* BETableView.h */ = {isa = PBXFileReference; fileEncoding = 4; lastKnownFileType = sourcecode.c.h; path = BETableView.h; sourceTree = "<group>"; };
		93BCBE521C90A420005D2AF7 /* CacheFactory.h */ = {isa = PBXFileReference; fileEncoding = 4; lastKnownFileType = sourcecode.c.h; path = CacheFactory.h; sourceTree = "<group>"; };
		93BCBE531C90A420005D2AF7 /* CacheService.h */ = {isa = PBXFileReference; fileEncoding = 4; lastKnownFileType = sourcecode.c.h; path = CacheService.h; sourceTree = "<group>"; };
		93BCBE541C90A420005D2AF7 /* CustomService.h */ = {isa = PBXFileReference; fileEncoding = 4; lastKnownFileType = sourcecode.c.h; path = CustomService.h; sourceTree = "<group>"; };
		93BCBE551C90A420005D2AF7 /* DataPermission.h */ = {isa = PBXFileReference; fileEncoding = 4; lastKnownFileType = sourcecode.c.h; path = DataPermission.h; sourceTree = "<group>"; };
		93BCBE561C90A420005D2AF7 /* DataStoreFactory.h */ = {isa = PBXFileReference; fileEncoding = 4; lastKnownFileType = sourcecode.c.h; path = DataStoreFactory.h; sourceTree = "<group>"; };
		93BCBE571C90A420005D2AF7 /* DeliveryOptions.h */ = {isa = PBXFileReference; fileEncoding = 4; lastKnownFileType = sourcecode.c.h; path = DeliveryOptions.h; sourceTree = "<group>"; };
		93BCBE581C90A420005D2AF7 /* DeviceRegistration.h */ = {isa = PBXFileReference; fileEncoding = 4; lastKnownFileType = sourcecode.c.h; path = DeviceRegistration.h; sourceTree = "<group>"; };
		93BCBE591C90A420005D2AF7 /* Events.h */ = {isa = PBXFileReference; fileEncoding = 4; lastKnownFileType = sourcecode.c.h; path = Events.h; sourceTree = "<group>"; };
		93BCBE5A1C90A420005D2AF7 /* FilePermission.h */ = {isa = PBXFileReference; fileEncoding = 4; lastKnownFileType = sourcecode.c.h; path = FilePermission.h; sourceTree = "<group>"; };
		93BCBE5B1C90A420005D2AF7 /* FileService.h */ = {isa = PBXFileReference; fileEncoding = 4; lastKnownFileType = sourcecode.c.h; path = FileService.h; sourceTree = "<group>"; };
		93BCBE5C1C90A420005D2AF7 /* GeoCategory.h */ = {isa = PBXFileReference; fileEncoding = 4; lastKnownFileType = sourcecode.c.h; path = GeoCategory.h; sourceTree = "<group>"; };
		93BCBE5D1C90A420005D2AF7 /* GeoCluster.h */ = {isa = PBXFileReference; fileEncoding = 4; lastKnownFileType = sourcecode.c.h; path = GeoCluster.h; sourceTree = "<group>"; };
		93BCBE5E1C90A420005D2AF7 /* GeoFence.h */ = {isa = PBXFileReference; fileEncoding = 4; lastKnownFileType = sourcecode.c.h; path = GeoFence.h; sourceTree = "<group>"; };
		93BCBE5F1C90A420005D2AF7 /* GeoPoint.h */ = {isa = PBXFileReference; fileEncoding = 4; lastKnownFileType = sourcecode.c.h; path = GeoPoint.h; sourceTree = "<group>"; };
		93BCBE601C90A420005D2AF7 /* GeoService.h */ = {isa = PBXFileReference; fileEncoding = 4; lastKnownFileType = sourcecode.c.h; path = GeoService.h; sourceTree = "<group>"; };
		93BCBE611C90A420005D2AF7 /* HashMap.h */ = {isa = PBXFileReference; fileEncoding = 4; lastKnownFileType = sourcecode.c.h; path = HashMap.h; sourceTree = "<group>"; };
		93BCBE621C90A420005D2AF7 /* IAtomicCounters.h */ = {isa = PBXFileReference; fileEncoding = 4; lastKnownFileType = sourcecode.c.h; path = IAtomicCounters.h; sourceTree = "<group>"; };
		93BCBE631C90A420005D2AF7 /* ICacheService.h */ = {isa = PBXFileReference; fileEncoding = 4; lastKnownFileType = sourcecode.c.h; path = ICacheService.h; sourceTree = "<group>"; };
		93BCBE641C90A420005D2AF7 /* ICallback.h */ = {isa = PBXFileReference; fileEncoding = 4; lastKnownFileType = sourcecode.c.h; path = ICallback.h; sourceTree = "<group>"; };
		93BCBE651C90A420005D2AF7 /* IDataStore.h */ = {isa = PBXFileReference; fileEncoding = 4; lastKnownFileType = sourcecode.c.h; path = IDataStore.h; sourceTree = "<group>"; };
		93BCBE661C90A420005D2AF7 /* IMediaStreamer.h */ = {isa = PBXFileReference; fileEncoding = 4; lastKnownFileType = sourcecode.c.h; path = IMediaStreamer.h; sourceTree = "<group>"; };
		93BCBE671C90A420005D2AF7 /* IPresenceListener.h */ = {isa = PBXFileReference; fileEncoding = 4; lastKnownFileType = sourcecode.c.h; path = IPresenceListener.h; sourceTree = "<group>"; };
		93BCBE681C90A420005D2AF7 /* LocationTracker.h */ = {isa = PBXFileReference; fileEncoding = 4; lastKnownFileType = sourcecode.c.h; path = LocationTracker.h; sourceTree = "<group>"; };
		93BCBE691C90A420005D2AF7 /* Logger.h */ = {isa = PBXFileReference; fileEncoding = 4; lastKnownFileType = sourcecode.c.h; path = Logger.h; sourceTree = "<group>"; };
		93BCBE6A1C90A420005D2AF7 /* Logging.h */ = {isa = PBXFileReference; fileEncoding = 4; lastKnownFileType = sourcecode.c.h; path = Logging.h; sourceTree = "<group>"; };
		93BCBE6B1C90A420005D2AF7 /* MediaPlaybackOptions.h */ = {isa = PBXFileReference; fileEncoding = 4; lastKnownFileType = sourcecode.c.h; path = MediaPlaybackOptions.h; sourceTree = "<group>"; };
		93BCBE6C1C90A420005D2AF7 /* MediaPlayer.h */ = {isa = PBXFileReference; fileEncoding = 4; lastKnownFileType = sourcecode.c.h; path = MediaPlayer.h; sourceTree = "<group>"; };
		93BCBE6D1C90A420005D2AF7 /* MediaPublisher.h */ = {isa = PBXFileReference; fileEncoding = 4; lastKnownFileType = sourcecode.c.h; path = MediaPublisher.h; sourceTree = "<group>"; };
		93BCBE6E1C90A420005D2AF7 /* MediaPublishOptions.h */ = {isa = PBXFileReference; fileEncoding = 4; lastKnownFileType = sourcecode.c.h; path = MediaPublishOptions.h; sourceTree = "<group>"; };
		93BCBE6F1C90A420005D2AF7 /* MediaService.h */ = {isa = PBXFileReference; fileEncoding = 4; lastKnownFileType = sourcecode.c.h; path = MediaService.h; sourceTree = "<group>"; };
		93BCBE701C90A420005D2AF7 /* Message.h */ = {isa = PBXFileReference; fileEncoding = 4; lastKnownFileType = sourcecode.c.h; path = Message.h; sourceTree = "<group>"; };
		93BCBE711C90A420005D2AF7 /* MessageStatus.h */ = {isa = PBXFileReference; fileEncoding = 4; lastKnownFileType = sourcecode.c.h; path = MessageStatus.h; sourceTree = "<group>"; };
		93BCBE721C90A420005D2AF7 /* MessagingService.h */ = {isa = PBXFileReference; fileEncoding = 4; lastKnownFileType = sourcecode.c.h; path = MessagingService.h; sourceTree = "<group>"; };
		93BCBE731C90A420005D2AF7 /* ObjectProperty.h */ = {isa = PBXFileReference; fileEncoding = 4; lastKnownFileType = sourcecode.c.h; path = ObjectProperty.h; sourceTree = "<group>"; };
		93BCBE741C90A420005D2AF7 /* PersistenceService.h */ = {isa = PBXFileReference; fileEncoding = 4; lastKnownFileType = sourcecode.c.h; path = PersistenceService.h; sourceTree = "<group>"; };
		93BCBE751C90A420005D2AF7 /* Presence.h */ = {isa = PBXFileReference; fileEncoding = 4; lastKnownFileType = sourcecode.c.h; path = Presence.h; sourceTree = "<group>"; };
		93BCBE761C90A420005D2AF7 /* ProtectedBackendlessGeoQuery.h */ = {isa = PBXFileReference; fileEncoding = 4; lastKnownFileType = sourcecode.c.h; path = ProtectedBackendlessGeoQuery.h; sourceTree = "<group>"; };
		93BCBE771C90A420005D2AF7 /* PublishOptions.h */ = {isa = PBXFileReference; fileEncoding = 4; lastKnownFileType = sourcecode.c.h; path = PublishOptions.h; sourceTree = "<group>"; };
		93BCBE781C90A420005D2AF7 /* QueryOptions.h */ = {isa = PBXFileReference; fileEncoding = 4; lastKnownFileType = sourcecode.c.h; path = QueryOptions.h; sourceTree = "<group>"; };
		93BCBE791C90A420005D2AF7 /* SubscriptionOptions.h */ = {isa = PBXFileReference; fileEncoding = 4; lastKnownFileType = sourcecode.c.h; path = SubscriptionOptions.h; sourceTree = "<group>"; };
		93BCBE7A1C90A420005D2AF7 /* UserProperty.h */ = {isa = PBXFileReference; fileEncoding = 4; lastKnownFileType = sourcecode.c.h; path = UserProperty.h; sourceTree = "<group>"; };
		93BCBE7B1C90A420005D2AF7 /* UserService.h */ = {isa = PBXFileReference; fileEncoding = 4; lastKnownFileType = sourcecode.c.h; path = UserService.h; sourceTree = "<group>"; };
		93BCBE7D1C90A420005D2AF7 /* CommLibiOS.a */ = {isa = PBXFileReference; lastKnownFileType = archive.ar; path = CommLibiOS.a; sourceTree = "<group>"; };
		93BCBE7F1C90A420005D2AF7 /* AMFSerializer.h */ = {isa = PBXFileReference; fileEncoding = 4; lastKnownFileType = sourcecode.c.h; path = AMFSerializer.h; sourceTree = "<group>"; };
		93BCBE801C90A420005D2AF7 /* BinaryCodec.h */ = {isa = PBXFileReference; fileEncoding = 4; lastKnownFileType = sourcecode.c.h; path = BinaryCodec.h; sourceTree = "<group>"; };
		93BCBE811C90A420005D2AF7 /* BinaryStream.h */ = {isa = PBXFileReference; fileEncoding = 4; lastKnownFileType = sourcecode.c.h; path = BinaryStream.h; sourceTree = "<group>"; };
		93BCBE821C90A420005D2AF7 /* DEBUG.h */ = {isa = PBXFileReference; fileEncoding = 4; lastKnownFileType = sourcecode.c.h; path = DEBUG.h; sourceTree = "<group>"; };
		93BCBE831C90A420005D2AF7 /* FlashorbBinaryReader.h */ = {isa = PBXFileReference; fileEncoding = 4; lastKnownFileType = sourcecode.c.h; path = FlashorbBinaryReader.h; sourceTree = "<group>"; };
		93BCBE841C90A420005D2AF7 /* FlashorbBinaryWriter.h */ = {isa = PBXFileReference; fileEncoding = 4; lastKnownFileType = sourcecode.c.h; path = FlashorbBinaryWriter.h; sourceTree = "<group>"; };
		93BCBE851C90A420005D2AF7 /* IAttributeStore.h */ = {isa = PBXFileReference; fileEncoding = 4; lastKnownFileType = sourcecode.c.h; path = IAttributeStore.h; sourceTree = "<group>"; };
		93BCBE861C90A420005D2AF7 /* IClientSharedObject.h */ = {isa = PBXFileReference; fileEncoding = 4; lastKnownFileType = sourcecode.c.h; path = IClientSharedObject.h; sourceTree = "<group>"; };
		93BCBE871C90A420005D2AF7 /* IClientSharedObjectDelegate.h */ = {isa = PBXFileReference; fileEncoding = 4; lastKnownFileType = sourcecode.c.h; path = IClientSharedObjectDelegate.h; sourceTree = "<group>"; };
		93BCBE881C90A420005D2AF7 /* IPendingServiceCallback.h */ = {isa = PBXFileReference; fileEncoding = 4; lastKnownFileType = sourcecode.c.h; path = IPendingServiceCallback.h; sourceTree = "<group>"; };
		93BCBE891C90A420005D2AF7 /* IPersistable.h */ = {isa = PBXFileReference; fileEncoding = 4; lastKnownFileType = sourcecode.c.h; path = IPersistable.h; sourceTree = "<group>"; };
		93BCBE8A1C90A420005D2AF7 /* IRTMProtocol.h */ = {isa = PBXFileReference; fileEncoding = 4; lastKnownFileType = sourcecode.c.h; path = IRTMProtocol.h; sourceTree = "<group>"; };
		93BCBE8B1C90A420005D2AF7 /* IServiceCall.h */ = {isa = PBXFileReference; fileEncoding = 4; lastKnownFileType = sourcecode.c.h; path = IServiceCall.h; sourceTree = "<group>"; };
		93BCBE8C1C90A420005D2AF7 /* ISharedObjectListener.h */ = {isa = PBXFileReference; fileEncoding = 4; lastKnownFileType = sourcecode.c.h; path = ISharedObjectListener.h; sourceTree = "<group>"; };
		93BCBE8D1C90A420005D2AF7 /* MemoryTicker.h */ = {isa = PBXFileReference; fileEncoding = 4; lastKnownFileType = sourcecode.c.h; path = MemoryTicker.h; sourceTree = "<group>"; };
		93BCBE8E1C90A420005D2AF7 /* Responder.h */ = {isa = PBXFileReference; fileEncoding = 4; lastKnownFileType = sourcecode.c.h; path = Responder.h; sourceTree = "<group>"; };
		93BCBE8F1C90A420005D2AF7 /* RTMPClient.h */ = {isa = PBXFileReference; fileEncoding = 4; lastKnownFileType = sourcecode.c.h; path = RTMPClient.h; sourceTree = "<group>"; };
		93BCBE901C90A420005D2AF7 /* Types.h */ = {isa = PBXFileReference; fileEncoding = 4; lastKnownFileType = sourcecode.c.h; path = Types.h; sourceTree = "<group>"; };
		93BCBE911C90A420005D2AF7 /* WeborbClient.h */ = {isa = PBXFileReference; fileEncoding = 4; lastKnownFileType = sourcecode.c.h; path = WeborbClient.h; sourceTree = "<group>"; };
		93BCBE951C90A420005D2AF7 /* avcodec.h */ = {isa = PBXFileReference; fileEncoding = 4; lastKnownFileType = sourcecode.c.h; path = avcodec.h; sourceTree = "<group>"; };
		93BCBE961C90A420005D2AF7 /* avfft.h */ = {isa = PBXFileReference; fileEncoding = 4; lastKnownFileType = sourcecode.c.h; path = avfft.h; sourceTree = "<group>"; };
		93BCBE971C90A420005D2AF7 /* dv_profile.h */ = {isa = PBXFileReference; fileEncoding = 4; lastKnownFileType = sourcecode.c.h; path = dv_profile.h; sourceTree = "<group>"; };
		93BCBE981C90A420005D2AF7 /* dxva2.h */ = {isa = PBXFileReference; fileEncoding = 4; lastKnownFileType = sourcecode.c.h; path = dxva2.h; sourceTree = "<group>"; };
		93BCBE991C90A420005D2AF7 /* vaapi.h */ = {isa = PBXFileReference; fileEncoding = 4; lastKnownFileType = sourcecode.c.h; path = vaapi.h; sourceTree = "<group>"; };
		93BCBE9A1C90A420005D2AF7 /* vda.h */ = {isa = PBXFileReference; fileEncoding = 4; lastKnownFileType = sourcecode.c.h; path = vda.h; sourceTree = "<group>"; };
		93BCBE9B1C90A420005D2AF7 /* vdpau.h */ = {isa = PBXFileReference; fileEncoding = 4; lastKnownFileType = sourcecode.c.h; path = vdpau.h; sourceTree = "<group>"; };
		93BCBE9C1C90A420005D2AF7 /* version.h */ = {isa = PBXFileReference; fileEncoding = 4; lastKnownFileType = sourcecode.c.h; path = version.h; sourceTree = "<group>"; };
		93BCBE9D1C90A420005D2AF7 /* xvmc.h */ = {isa = PBXFileReference; fileEncoding = 4; lastKnownFileType = sourcecode.c.h; path = xvmc.h; sourceTree = "<group>"; };
		93BCBE9F1C90A420005D2AF7 /* avdevice.h */ = {isa = PBXFileReference; fileEncoding = 4; lastKnownFileType = sourcecode.c.h; path = avdevice.h; sourceTree = "<group>"; };
		93BCBEA01C90A420005D2AF7 /* version.h */ = {isa = PBXFileReference; fileEncoding = 4; lastKnownFileType = sourcecode.c.h; path = version.h; sourceTree = "<group>"; };
		93BCBEA21C90A420005D2AF7 /* avfilter.h */ = {isa = PBXFileReference; fileEncoding = 4; lastKnownFileType = sourcecode.c.h; path = avfilter.h; sourceTree = "<group>"; };
		93BCBEA31C90A420005D2AF7 /* avfiltergraph.h */ = {isa = PBXFileReference; fileEncoding = 4; lastKnownFileType = sourcecode.c.h; path = avfiltergraph.h; sourceTree = "<group>"; };
		93BCBEA41C90A420005D2AF7 /* buffersink.h */ = {isa = PBXFileReference; fileEncoding = 4; lastKnownFileType = sourcecode.c.h; path = buffersink.h; sourceTree = "<group>"; };
		93BCBEA51C90A420005D2AF7 /* buffersrc.h */ = {isa = PBXFileReference; fileEncoding = 4; lastKnownFileType = sourcecode.c.h; path = buffersrc.h; sourceTree = "<group>"; };
		93BCBEA61C90A420005D2AF7 /* version.h */ = {isa = PBXFileReference; fileEncoding = 4; lastKnownFileType = sourcecode.c.h; path = version.h; sourceTree = "<group>"; };
		93BCBEA81C90A420005D2AF7 /* avformat.h */ = {isa = PBXFileReference; fileEncoding = 4; lastKnownFileType = sourcecode.c.h; path = avformat.h; sourceTree = "<group>"; };
		93BCBEA91C90A420005D2AF7 /* avio.h */ = {isa = PBXFileReference; fileEncoding = 4; lastKnownFileType = sourcecode.c.h; path = avio.h; sourceTree = "<group>"; };
		93BCBEAA1C90A420005D2AF7 /* version.h */ = {isa = PBXFileReference; fileEncoding = 4; lastKnownFileType = sourcecode.c.h; path = version.h; sourceTree = "<group>"; };
		93BCBEAC1C90A420005D2AF7 /* avresample.h */ = {isa = PBXFileReference; fileEncoding = 4; lastKnownFileType = sourcecode.c.h; path = avresample.h; sourceTree = "<group>"; };
		93BCBEAD1C90A420005D2AF7 /* version.h */ = {isa = PBXFileReference; fileEncoding = 4; lastKnownFileType = sourcecode.c.h; path = version.h; sourceTree = "<group>"; };
		93BCBEAF1C90A420005D2AF7 /* adler32.h */ = {isa = PBXFileReference; fileEncoding = 4; lastKnownFileType = sourcecode.c.h; path = adler32.h; sourceTree = "<group>"; };
		93BCBEB01C90A420005D2AF7 /* aes.h */ = {isa = PBXFileReference; fileEncoding = 4; lastKnownFileType = sourcecode.c.h; path = aes.h; sourceTree = "<group>"; };
		93BCBEB11C90A420005D2AF7 /* attributes.h */ = {isa = PBXFileReference; fileEncoding = 4; lastKnownFileType = sourcecode.c.h; path = attributes.h; sourceTree = "<group>"; };
		93BCBEB21C90A420005D2AF7 /* audio_fifo.h */ = {isa = PBXFileReference; fileEncoding = 4; lastKnownFileType = sourcecode.c.h; path = audio_fifo.h; sourceTree = "<group>"; };
		93BCBEB31C90A420005D2AF7 /* audioconvert.h */ = {isa = PBXFileReference; fileEncoding = 4; lastKnownFileType = sourcecode.c.h; path = audioconvert.h; sourceTree = "<group>"; };
		93BCBEB41C90A420005D2AF7 /* avassert.h */ = {isa = PBXFileReference; fileEncoding = 4; lastKnownFileType = sourcecode.c.h; path = avassert.h; sourceTree = "<group>"; };
		93BCBEB51C90A420005D2AF7 /* avconfig.h */ = {isa = PBXFileReference; fileEncoding = 4; lastKnownFileType = sourcecode.c.h; path = avconfig.h; sourceTree = "<group>"; };
		93BCBEB61C90A420005D2AF7 /* avstring.h */ = {isa = PBXFileReference; fileEncoding = 4; lastKnownFileType = sourcecode.c.h; path = avstring.h; sourceTree = "<group>"; };
		93BCBEB71C90A420005D2AF7 /* avutil.h */ = {isa = PBXFileReference; fileEncoding = 4; lastKnownFileType = sourcecode.c.h; path = avutil.h; sourceTree = "<group>"; };
		93BCBEB81C90A420005D2AF7 /* base64.h */ = {isa = PBXFileReference; fileEncoding = 4; lastKnownFileType = sourcecode.c.h; path = base64.h; sourceTree = "<group>"; };
		93BCBEB91C90A420005D2AF7 /* blowfish.h */ = {isa = PBXFileReference; fileEncoding = 4; lastKnownFileType = sourcecode.c.h; path = blowfish.h; sourceTree = "<group>"; };
		93BCBEBA1C90A420005D2AF7 /* bswap.h */ = {isa = PBXFileReference; fileEncoding = 4; lastKnownFileType = sourcecode.c.h; path = bswap.h; sourceTree = "<group>"; };
		93BCBEBB1C90A420005D2AF7 /* buffer.h */ = {isa = PBXFileReference; fileEncoding = 4; lastKnownFileType = sourcecode.c.h; path = buffer.h; sourceTree = "<group>"; };
		93BCBEBC1C90A420005D2AF7 /* channel_layout.h */ = {isa = PBXFileReference; fileEncoding = 4; lastKnownFileType = sourcecode.c.h; path = channel_layout.h; sourceTree = "<group>"; };
		93BCBEBD1C90A420005D2AF7 /* common.h */ = {isa = PBXFileReference; fileEncoding = 4; lastKnownFileType = sourcecode.c.h; path = common.h; sourceTree = "<group>"; };
		93BCBEBE1C90A420005D2AF7 /* cpu.h */ = {isa = PBXFileReference; fileEncoding = 4; lastKnownFileType = sourcecode.c.h; path = cpu.h; sourceTree = "<group>"; };
		93BCBEBF1C90A420005D2AF7 /* crc.h */ = {isa = PBXFileReference; fileEncoding = 4; lastKnownFileType = sourcecode.c.h; path = crc.h; sourceTree = "<group>"; };
		93BCBEC01C90A420005D2AF7 /* dict.h */ = {isa = PBXFileReference; fileEncoding = 4; lastKnownFileType = sourcecode.c.h; path = dict.h; sourceTree = "<group>"; };
		93BCBEC11C90A420005D2AF7 /* display.h */ = {isa = PBXFileReference; fileEncoding = 4; lastKnownFileType = sourcecode.c.h; path = display.h; sourceTree = "<group>"; };
		93BCBEC21C90A420005D2AF7 /* downmix_info.h */ = {isa = PBXFileReference; fileEncoding = 4; lastKnownFileType = sourcecode.c.h; path = downmix_info.h; sourceTree = "<group>"; };
		93BCBEC31C90A420005D2AF7 /* error.h */ = {isa = PBXFileReference; fileEncoding = 4; lastKnownFileType = sourcecode.c.h; path = error.h; sourceTree = "<group>"; };
		93BCBEC41C90A420005D2AF7 /* eval.h */ = {isa = PBXFileReference; fileEncoding = 4; lastKnownFileType = sourcecode.c.h; path = eval.h; sourceTree = "<group>"; };
		93BCBEC51C90A420005D2AF7 /* fifo.h */ = {isa = PBXFileReference; fileEncoding = 4; lastKnownFileType = sourcecode.c.h; path = fifo.h; sourceTree = "<group>"; };
		93BCBEC61C90A420005D2AF7 /* file.h */ = {isa = PBXFileReference; fileEncoding = 4; lastKnownFileType = sourcecode.c.h; path = file.h; sourceTree = "<group>"; };
		93BCBEC71C90A420005D2AF7 /* frame.h */ = {isa = PBXFileReference; fileEncoding = 4; lastKnownFileType = sourcecode.c.h; path = frame.h; sourceTree = "<group>"; };
		93BCBEC81C90A420005D2AF7 /* hmac.h */ = {isa = PBXFileReference; fileEncoding = 4; lastKnownFileType = sourcecode.c.h; path = hmac.h; sourceTree = "<group>"; };
		93BCBEC91C90A420005D2AF7 /* imgutils.h */ = {isa = PBXFileReference; fileEncoding = 4; lastKnownFileType = sourcecode.c.h; path = imgutils.h; sourceTree = "<group>"; };
		93BCBECA1C90A420005D2AF7 /* intfloat.h */ = {isa = PBXFileReference; fileEncoding = 4; lastKnownFileType = sourcecode.c.h; path = intfloat.h; sourceTree = "<group>"; };
		93BCBECB1C90A420005D2AF7 /* intreadwrite.h */ = {isa = PBXFileReference; fileEncoding = 4; lastKnownFileType = sourcecode.c.h; path = intreadwrite.h; sourceTree = "<group>"; };
		93BCBECC1C90A420005D2AF7 /* lfg.h */ = {isa = PBXFileReference; fileEncoding = 4; lastKnownFileType = sourcecode.c.h; path = lfg.h; sourceTree = "<group>"; };
		93BCBECD1C90A420005D2AF7 /* log.h */ = {isa = PBXFileReference; fileEncoding = 4; lastKnownFileType = sourcecode.c.h; path = log.h; sourceTree = "<group>"; };
		93BCBECE1C90A420005D2AF7 /* macros.h */ = {isa = PBXFileReference; fileEncoding = 4; lastKnownFileType = sourcecode.c.h; path = macros.h; sourceTree = "<group>"; };
		93BCBECF1C90A420005D2AF7 /* mathematics.h */ = {isa = PBXFileReference; fileEncoding = 4; lastKnownFileType = sourcecode.c.h; path = mathematics.h; sourceTree = "<group>"; };
		93BCBED01C90A420005D2AF7 /* md5.h */ = {isa = PBXFileReference; fileEncoding = 4; lastKnownFileType = sourcecode.c.h; path = md5.h; sourceTree = "<group>"; };
		93BCBED11C90A420005D2AF7 /* mem.h */ = {isa = PBXFileReference; fileEncoding = 4; lastKnownFileType = sourcecode.c.h; path = mem.h; sourceTree = "<group>"; };
		93BCBED21C90A420005D2AF7 /* old_pix_fmts.h */ = {isa = PBXFileReference; fileEncoding = 4; lastKnownFileType = sourcecode.c.h; path = old_pix_fmts.h; sourceTree = "<group>"; };
		93BCBED31C90A420005D2AF7 /* opt.h */ = {isa = PBXFileReference; fileEncoding = 4; lastKnownFileType = sourcecode.c.h; path = opt.h; sourceTree = "<group>"; };
		93BCBED41C90A420005D2AF7 /* parseutils.h */ = {isa = PBXFileReference; fileEncoding = 4; lastKnownFileType = sourcecode.c.h; path = parseutils.h; sourceTree = "<group>"; };
		93BCBED51C90A420005D2AF7 /* pixdesc.h */ = {isa = PBXFileReference; fileEncoding = 4; lastKnownFileType = sourcecode.c.h; path = pixdesc.h; sourceTree = "<group>"; };
		93BCBED61C90A420005D2AF7 /* pixfmt.h */ = {isa = PBXFileReference; fileEncoding = 4; lastKnownFileType = sourcecode.c.h; path = pixfmt.h; sourceTree = "<group>"; };
		93BCBED71C90A420005D2AF7 /* random_seed.h */ = {isa = PBXFileReference; fileEncoding = 4; lastKnownFileType = sourcecode.c.h; path = random_seed.h; sourceTree = "<group>"; };
		93BCBED81C90A420005D2AF7 /* rational.h */ = {isa = PBXFileReference; fileEncoding = 4; lastKnownFileType = sourcecode.c.h; path = rational.h; sourceTree = "<group>"; };
		93BCBED91C90A420005D2AF7 /* replaygain.h */ = {isa = PBXFileReference; fileEncoding = 4; lastKnownFileType = sourcecode.c.h; path = replaygain.h; sourceTree = "<group>"; };
		93BCBEDA1C90A420005D2AF7 /* samplefmt.h */ = {isa = PBXFileReference; fileEncoding = 4; lastKnownFileType = sourcecode.c.h; path = samplefmt.h; sourceTree = "<group>"; };
		93BCBEDB1C90A420005D2AF7 /* sha.h */ = {isa = PBXFileReference; fileEncoding = 4; lastKnownFileType = sourcecode.c.h; path = sha.h; sourceTree = "<group>"; };
		93BCBEDC1C90A420005D2AF7 /* stereo3d.h */ = {isa = PBXFileReference; fileEncoding = 4; lastKnownFileType = sourcecode.c.h; path = stereo3d.h; sourceTree = "<group>"; };
		93BCBEDD1C90A420005D2AF7 /* version.h */ = {isa = PBXFileReference; fileEncoding = 4; lastKnownFileType = sourcecode.c.h; path = version.h; sourceTree = "<group>"; };
		93BCBEDE1C90A420005D2AF7 /* xtea.h */ = {isa = PBXFileReference; fileEncoding = 4; lastKnownFileType = sourcecode.c.h; path = xtea.h; sourceTree = "<group>"; };
		93BCBEE01C90A420005D2AF7 /* swscale.h */ = {isa = PBXFileReference; fileEncoding = 4; lastKnownFileType = sourcecode.c.h; path = swscale.h; sourceTree = "<group>"; };
		93BCBEE11C90A420005D2AF7 /* version.h */ = {isa = PBXFileReference; fileEncoding = 4; lastKnownFileType = sourcecode.c.h; path = version.h; sourceTree = "<group>"; };
		93BCBEE31C90A420005D2AF7 /* libavcodec.a */ = {isa = PBXFileReference; lastKnownFileType = archive.ar; path = libavcodec.a; sourceTree = "<group>"; };
		93BCBEE41C90A420005D2AF7 /* libavdevice.a */ = {isa = PBXFileReference; lastKnownFileType = archive.ar; path = libavdevice.a; sourceTree = "<group>"; };
		93BCBEE51C90A420005D2AF7 /* libavfilter.a */ = {isa = PBXFileReference; lastKnownFileType = archive.ar; path = libavfilter.a; sourceTree = "<group>"; };
		93BCBEE61C90A420005D2AF7 /* libavformat.a */ = {isa = PBXFileReference; lastKnownFileType = archive.ar; path = libavformat.a; sourceTree = "<group>"; };
		93BCBEE71C90A420005D2AF7 /* libavutil.a */ = {isa = PBXFileReference; lastKnownFileType = archive.ar; path = libavutil.a; sourceTree = "<group>"; };
		93BCBEE81C90A420005D2AF7 /* libswscale.a */ = {isa = PBXFileReference; lastKnownFileType = archive.ar; path = libswscale.a; sourceTree = "<group>"; };
		93BCBEEB1C90A420005D2AF7 /* BroadcastStreamClient.h */ = {isa = PBXFileReference; fileEncoding = 4; lastKnownFileType = sourcecode.c.h; path = BroadcastStreamClient.h; sourceTree = "<group>"; };
		93BCBEEC1C90A420005D2AF7 /* MediaStreamPlayer.h */ = {isa = PBXFileReference; fileEncoding = 4; lastKnownFileType = sourcecode.c.h; path = MediaStreamPlayer.h; sourceTree = "<group>"; };
		93BCBEED1C90A420005D2AF7 /* MPMediaData.h */ = {isa = PBXFileReference; fileEncoding = 4; lastKnownFileType = sourcecode.c.h; path = MPMediaData.h; sourceTree = "<group>"; };
		93BCBEEE1C90A420005D2AF7 /* MPMediaDecoder.h */ = {isa = PBXFileReference; fileEncoding = 4; lastKnownFileType = sourcecode.c.h; path = MPMediaDecoder.h; sourceTree = "<group>"; };
		93BCBEEF1C90A420005D2AF7 /* MPMediaEncoder.h */ = {isa = PBXFileReference; fileEncoding = 4; lastKnownFileType = sourcecode.c.h; path = MPMediaEncoder.h; sourceTree = "<group>"; };
		93BCBEF01C90A420005D2AF7 /* VideoPlayer.h */ = {isa = PBXFileReference; fileEncoding = 4; lastKnownFileType = sourcecode.c.h; path = VideoPlayer.h; sourceTree = "<group>"; };
		93BCBEF11C90A420005D2AF7 /* MediaLibiOS.a */ = {isa = PBXFileReference; lastKnownFileType = archive.ar; path = MediaLibiOS.a; sourceTree = "<group>"; };
		93BCBEF41C90A420005D2AF7 /* speex.h */ = {isa = PBXFileReference; fileEncoding = 4; lastKnownFileType = sourcecode.c.h; path = speex.h; sourceTree = "<group>"; };
		93BCBEF51C90A420005D2AF7 /* speex_bits.h */ = {isa = PBXFileReference; fileEncoding = 4; lastKnownFileType = sourcecode.c.h; path = speex_bits.h; sourceTree = "<group>"; };
		93BCBEF61C90A420005D2AF7 /* speex_callbacks.h */ = {isa = PBXFileReference; fileEncoding = 4; lastKnownFileType = sourcecode.c.h; path = speex_callbacks.h; sourceTree = "<group>"; };
		93BCBEF71C90A420005D2AF7 /* speex_config_types.h */ = {isa = PBXFileReference; fileEncoding = 4; lastKnownFileType = sourcecode.c.h; path = speex_config_types.h; sourceTree = "<group>"; };
		93BCBEF81C90A420005D2AF7 /* speex_header.h */ = {isa = PBXFileReference; fileEncoding = 4; lastKnownFileType = sourcecode.c.h; path = speex_header.h; sourceTree = "<group>"; };
		93BCBEF91C90A420005D2AF7 /* speex_stereo.h */ = {isa = PBXFileReference; fileEncoding = 4; lastKnownFileType = sourcecode.c.h; path = speex_stereo.h; sourceTree = "<group>"; };
		93BCBEFA1C90A420005D2AF7 /* speex_types.h */ = {isa = PBXFileReference; fileEncoding = 4; lastKnownFileType = sourcecode.c.h; path = speex_types.h; sourceTree = "<group>"; };
		93BCBEFC1C90A420005D2AF7 /* libspeex.a */ = {isa = PBXFileReference; lastKnownFileType = archive.ar; path = libspeex.a; sourceTree = "<group>"; };
		93BCBEFF1C90A420005D2AF7 /* x264.h */ = {isa = PBXFileReference; fileEncoding = 4; lastKnownFileType = sourcecode.c.h; path = x264.h; sourceTree = "<group>"; };
		93BCBF001C90A420005D2AF7 /* x264_config.h */ = {isa = PBXFileReference; fileEncoding = 4; lastKnownFileType = sourcecode.c.h; path = x264_config.h; sourceTree = "<group>"; };
		93BCBF021C90A420005D2AF7 /* libx264.a */ = {isa = PBXFileReference; lastKnownFileType = archive.ar; path = libx264.a; sourceTree = "<group>"; };
/* End PBXFileReference section */

/* Begin PBXFrameworksBuildPhase section */
		93BCBB391C88F2F9005D2AF7 /* Frameworks */ = {
			isa = PBXFrameworksBuildPhase;
			buildActionMask = 2147483647;
			files = (
				93BCBF091C90A420005D2AF7 /* libavutil.a in Frameworks */,
				93BCBF071C90A420005D2AF7 /* libavfilter.a in Frameworks */,
				93BCBF0A1C90A420005D2AF7 /* libswscale.a in Frameworks */,
				93BCBF061C90A420005D2AF7 /* libavdevice.a in Frameworks */,
				93BCBF0C1C90A420005D2AF7 /* libspeex.a in Frameworks */,
				93BCBC2E1C890762005D2AF7 /* libz.tbd in Frameworks */,
				93BCBC2C1C89075C005D2AF7 /* libsqlite3.tbd in Frameworks */,
				93BCBF0D1C90A420005D2AF7 /* libx264.a in Frameworks */,
				93BCBF0B1C90A420005D2AF7 /* MediaLibiOS.a in Frameworks */,
				93BCBC2A1C890752005D2AF7 /* SystemConfiguration.framework in Frameworks */,
				93BCBF031C90A420005D2AF7 /* backendless.a in Frameworks */,
				93BCBF081C90A420005D2AF7 /* libavformat.a in Frameworks */,
				93BCBF041C90A420005D2AF7 /* CommLibiOS.a in Frameworks */,
				93BCBF051C90A420005D2AF7 /* libavcodec.a in Frameworks */,
			);
			runOnlyForDeploymentPostprocessing = 0;
		};
/* End PBXFrameworksBuildPhase section */

/* Begin PBXGroup section */
		93BCBB331C88F2F9005D2AF7 = {
			isa = PBXGroup;
			children = (
				93BCBB3E1C88F2F9005D2AF7 /* SuhDude */,
				93BCBC2F1C890B15005D2AF7 /* Backendless */,
				93BCBB3D1C88F2F9005D2AF7 /* Products */,
			);
			indentWidth = 2;
			sourceTree = "<group>";
			tabWidth = 2;
		};
		93BCBB3D1C88F2F9005D2AF7 /* Products */ = {
			isa = PBXGroup;
			children = (
				93BCBB3C1C88F2F9005D2AF7 /* SuhDude.app */,
			);
			name = Products;
			sourceTree = "<group>";
		};
		93BCBB3E1C88F2F9005D2AF7 /* SuhDude */ = {
			isa = PBXGroup;
			children = (
				93BCBB3F1C88F2F9005D2AF7 /* AppDelegate.swift */,
				93BCBB431C88F2F9005D2AF7 /* Main.storyboard */,
				93BCBC431C8B6302005D2AF7 /* Model */,
				93BCBC331C892C7D005D2AF7 /* Controllers */,
				93BCBE321C8FBD1B005D2AF7 /* Cells */,
				93BCBC401C8B551A005D2AF7 /* Utilities */,
				93BCBE2F1C8F8FDB005D2AF7 /* Resources */,
				93BCBB481C88F2F9005D2AF7 /* LaunchScreen.storyboard */,
				93BCBB4B1C88F2F9005D2AF7 /* Info.plist */,
			);
			path = SuhDude;
			sourceTree = "<group>";
		};
		93BCBC2F1C890B15005D2AF7 /* Backendless */ = {
			isa = PBXGroup;
			children = (
				93BCBE371C90A41F005D2AF7 /* lib */,
				93BCBC2D1C890762005D2AF7 /* libz.tbd */,
				93BCBC2B1C89075C005D2AF7 /* libsqlite3.tbd */,
				93BCBC291C890752005D2AF7 /* SystemConfiguration.framework */,
			);
			name = Backendless;
			sourceTree = "<group>";
		};
		93BCBC321C892C74005D2AF7 /* Audio */ = {
			isa = PBXGroup;
			children = (
				93BCBC3C1C8B37A5005D2AF7 /* suhDude2NL.aif */,
			);
			name = Audio;
			sourceTree = "<group>";
		};
		93BCBC331C892C7D005D2AF7 /* Controllers */ = {
			isa = PBXGroup;
			children = (
				93BCBC381C8B3162005D2AF7 /* SignUpViewController.swift */,
				93BCBC3A1C8B35D6005D2AF7 /* RegisterUserViewController.swift */,
				93BCBB411C88F2F9005D2AF7 /* MainViewController.swift */,
				93BCBE301C8F916F005D2AF7 /* AddFriendsViewController.swift */,
			);
			name = Controllers;
			sourceTree = "<group>";
		};
		93BCBC401C8B551A005D2AF7 /* Utilities */ = {
			isa = PBXGroup;
			children = (
				93BCBC411C8B57D5005D2AF7 /* Extensions.swift */,
			);
			name = Utilities;
			sourceTree = "<group>";
		};
		93BCBC431C8B6302005D2AF7 /* Model */ = {
			isa = PBXGroup;
			children = (
				93BCBC441C8B6314005D2AF7 /* UserManager.swift */,
				93BCBC4E1C8BA27C005D2AF7 /* Device.swift */,
				93BCBC501C8D488F005D2AF7 /* PushManager.swift */,
			);
			name = Model;
			sourceTree = "<group>";
		};
		93BCBE2E1C8F8FCA005D2AF7 /* Fonts */ = {
			isa = PBXGroup;
			children = (
				93BCBC461C8B742A005D2AF7 /* knewave-outline.ttf */,
				93BCBC471C8B742A005D2AF7 /* knewave.ttf */,
			);
			name = Fonts;
			sourceTree = "<group>";
		};
		93BCBE2F1C8F8FDB005D2AF7 /* Resources */ = {
			isa = PBXGroup;
			children = (
				93BCBB461C88F2F9005D2AF7 /* Assets.xcassets */,
				93BCBC321C892C74005D2AF7 /* Audio */,
				93BCBE2E1C8F8FCA005D2AF7 /* Fonts */,
			);
			name = Resources;
			sourceTree = "<group>";
		};
		93BCBE321C8FBD1B005D2AF7 /* Cells */ = {
			isa = PBXGroup;
			children = (
				93BCBE351C8FD29C005D2AF7 /* AddFriendTableViewCell.swift */,
			);
			name = Cells;
			sourceTree = "<group>";
		};
		93BCBE371C90A41F005D2AF7 /* lib */ = {
			isa = PBXGroup;
			children = (
				93BCBE381C90A41F005D2AF7 /* backendless */,
				93BCBE7C1C90A420005D2AF7 /* CommLibiOS */,
				93BCBE921C90A420005D2AF7 /* libav-11.4 */,
				93BCBEE91C90A420005D2AF7 /* MediaLibiOS3x */,
				93BCBEF21C90A420005D2AF7 /* speex-1.2rc2 */,
				93BCBEFD1C90A420005D2AF7 /* x264 */,
			);
			path = lib;
			sourceTree = "<group>";
		};
		93BCBE381C90A41F005D2AF7 /* backendless */ = {
			isa = PBXGroup;
			children = (
				93BCBE391C90A41F005D2AF7 /* backendless.a */,
				93BCBE3A1C90A420005D2AF7 /* include */,
			);
			path = backendless;
			sourceTree = "<group>";
		};
		93BCBE3A1C90A420005D2AF7 /* include */ = {
			isa = PBXGroup;
			children = (
				93BCBE3B1C90A420005D2AF7 /* AbstractProperty.h */,
				93BCBE3C1C90A420005D2AF7 /* AbstractQuery.h */,
				93BCBE3D1C90A420005D2AF7 /* AtomicCounters.h */,
				93BCBE3E1C90A420005D2AF7 /* AtomicCountersFactory.h */,
				93BCBE3F1C90A420005D2AF7 /* Backendless-Bridging-Header.h */,
				93BCBE401C90A420005D2AF7 /* Backendless-With-Media-Bridging-Header.h */,
				93BCBE411C90A420005D2AF7 /* Backendless.h */,
				93BCBE421C90A420005D2AF7 /* BackendlessBeacon.h */,
				93BCBE431C90A420005D2AF7 /* BackendlessCachePolicy.h */,
				93BCBE441C90A420005D2AF7 /* BackendlessCacheProtocol.h */,
				93BCBE451C90A420005D2AF7 /* BackendlessCollection.h */,
				93BCBE461C90A420005D2AF7 /* BackendlessDataQuery.h */,
				93BCBE471C90A420005D2AF7 /* BackendlessEntity.h */,
				93BCBE481C90A420005D2AF7 /* BackendlessFile.h */,
				93BCBE491C90A420005D2AF7 /* BackendlessGeoQuery.h */,
				93BCBE4A1C90A420005D2AF7 /* BackendlessSimpleQuery.h */,
				93BCBE4B1C90A420005D2AF7 /* BackendlessUser.h */,
				93BCBE4C1C90A420005D2AF7 /* BEAnnotation.h */,
				93BCBE4D1C90A420005D2AF7 /* BECollectionView.h */,
				93BCBE4E1C90A420005D2AF7 /* BEFileInfo.h */,
				93BCBE4F1C90A420005D2AF7 /* BEMapView.h */,
				93BCBE501C90A420005D2AF7 /* BESubscription.h */,
				93BCBE511C90A420005D2AF7 /* BETableView.h */,
				93BCBE521C90A420005D2AF7 /* CacheFactory.h */,
				93BCBE531C90A420005D2AF7 /* CacheService.h */,
				93BCBE541C90A420005D2AF7 /* CustomService.h */,
				93BCBE551C90A420005D2AF7 /* DataPermission.h */,
				93BCBE561C90A420005D2AF7 /* DataStoreFactory.h */,
				93BCBE571C90A420005D2AF7 /* DeliveryOptions.h */,
				93BCBE581C90A420005D2AF7 /* DeviceRegistration.h */,
				93BCBE591C90A420005D2AF7 /* Events.h */,
				93BCBE5A1C90A420005D2AF7 /* FilePermission.h */,
				93BCBE5B1C90A420005D2AF7 /* FileService.h */,
				93BCBE5C1C90A420005D2AF7 /* GeoCategory.h */,
				93BCBE5D1C90A420005D2AF7 /* GeoCluster.h */,
				93BCBE5E1C90A420005D2AF7 /* GeoFence.h */,
				93BCBE5F1C90A420005D2AF7 /* GeoPoint.h */,
				93BCBE601C90A420005D2AF7 /* GeoService.h */,
				93BCBE611C90A420005D2AF7 /* HashMap.h */,
				93BCBE621C90A420005D2AF7 /* IAtomicCounters.h */,
				93BCBE631C90A420005D2AF7 /* ICacheService.h */,
				93BCBE641C90A420005D2AF7 /* ICallback.h */,
				93BCBE651C90A420005D2AF7 /* IDataStore.h */,
				93BCBE661C90A420005D2AF7 /* IMediaStreamer.h */,
				93BCBE671C90A420005D2AF7 /* IPresenceListener.h */,
				93BCBE681C90A420005D2AF7 /* LocationTracker.h */,
				93BCBE691C90A420005D2AF7 /* Logger.h */,
				93BCBE6A1C90A420005D2AF7 /* Logging.h */,
				93BCBE6B1C90A420005D2AF7 /* MediaPlaybackOptions.h */,
				93BCBE6C1C90A420005D2AF7 /* MediaPlayer.h */,
				93BCBE6D1C90A420005D2AF7 /* MediaPublisher.h */,
				93BCBE6E1C90A420005D2AF7 /* MediaPublishOptions.h */,
				93BCBE6F1C90A420005D2AF7 /* MediaService.h */,
				93BCBE701C90A420005D2AF7 /* Message.h */,
				93BCBE711C90A420005D2AF7 /* MessageStatus.h */,
				93BCBE721C90A420005D2AF7 /* MessagingService.h */,
				93BCBE731C90A420005D2AF7 /* ObjectProperty.h */,
				93BCBE741C90A420005D2AF7 /* PersistenceService.h */,
				93BCBE751C90A420005D2AF7 /* Presence.h */,
				93BCBE761C90A420005D2AF7 /* ProtectedBackendlessGeoQuery.h */,
				93BCBE771C90A420005D2AF7 /* PublishOptions.h */,
				93BCBE781C90A420005D2AF7 /* QueryOptions.h */,
				93BCBE791C90A420005D2AF7 /* SubscriptionOptions.h */,
				93BCBE7A1C90A420005D2AF7 /* UserProperty.h */,
				93BCBE7B1C90A420005D2AF7 /* UserService.h */,
			);
			path = include;
			sourceTree = "<group>";
		};
		93BCBE7C1C90A420005D2AF7 /* CommLibiOS */ = {
			isa = PBXGroup;
			children = (
				93BCBE7D1C90A420005D2AF7 /* CommLibiOS.a */,
				93BCBE7E1C90A420005D2AF7 /* include */,
			);
			path = CommLibiOS;
			sourceTree = "<group>";
		};
		93BCBE7E1C90A420005D2AF7 /* include */ = {
			isa = PBXGroup;
			children = (
				93BCBE7F1C90A420005D2AF7 /* AMFSerializer.h */,
				93BCBE801C90A420005D2AF7 /* BinaryCodec.h */,
				93BCBE811C90A420005D2AF7 /* BinaryStream.h */,
				93BCBE821C90A420005D2AF7 /* DEBUG.h */,
				93BCBE831C90A420005D2AF7 /* FlashorbBinaryReader.h */,
				93BCBE841C90A420005D2AF7 /* FlashorbBinaryWriter.h */,
				93BCBE851C90A420005D2AF7 /* IAttributeStore.h */,
				93BCBE861C90A420005D2AF7 /* IClientSharedObject.h */,
				93BCBE871C90A420005D2AF7 /* IClientSharedObjectDelegate.h */,
				93BCBE881C90A420005D2AF7 /* IPendingServiceCallback.h */,
				93BCBE891C90A420005D2AF7 /* IPersistable.h */,
				93BCBE8A1C90A420005D2AF7 /* IRTMProtocol.h */,
				93BCBE8B1C90A420005D2AF7 /* IServiceCall.h */,
				93BCBE8C1C90A420005D2AF7 /* ISharedObjectListener.h */,
				93BCBE8D1C90A420005D2AF7 /* MemoryTicker.h */,
				93BCBE8E1C90A420005D2AF7 /* Responder.h */,
				93BCBE8F1C90A420005D2AF7 /* RTMPClient.h */,
				93BCBE901C90A420005D2AF7 /* Types.h */,
				93BCBE911C90A420005D2AF7 /* WeborbClient.h */,
			);
			path = include;
			sourceTree = "<group>";
		};
		93BCBE921C90A420005D2AF7 /* libav-11.4 */ = {
			isa = PBXGroup;
			children = (
				93BCBE931C90A420005D2AF7 /* include */,
				93BCBEE21C90A420005D2AF7 /* lib */,
			);
			path = "libav-11.4";
			sourceTree = "<group>";
		};
		93BCBE931C90A420005D2AF7 /* include */ = {
			isa = PBXGroup;
			children = (
				93BCBE941C90A420005D2AF7 /* libavcodec */,
				93BCBE9E1C90A420005D2AF7 /* libavdevice */,
				93BCBEA11C90A420005D2AF7 /* libavfilter */,
				93BCBEA71C90A420005D2AF7 /* libavformat */,
				93BCBEAB1C90A420005D2AF7 /* libavresample */,
				93BCBEAE1C90A420005D2AF7 /* libavutil */,
				93BCBEDF1C90A420005D2AF7 /* libswscale */,
			);
			path = include;
			sourceTree = "<group>";
		};
		93BCBE941C90A420005D2AF7 /* libavcodec */ = {
			isa = PBXGroup;
			children = (
				93BCBE951C90A420005D2AF7 /* avcodec.h */,
				93BCBE961C90A420005D2AF7 /* avfft.h */,
				93BCBE971C90A420005D2AF7 /* dv_profile.h */,
				93BCBE981C90A420005D2AF7 /* dxva2.h */,
				93BCBE991C90A420005D2AF7 /* vaapi.h */,
				93BCBE9A1C90A420005D2AF7 /* vda.h */,
				93BCBE9B1C90A420005D2AF7 /* vdpau.h */,
				93BCBE9C1C90A420005D2AF7 /* version.h */,
				93BCBE9D1C90A420005D2AF7 /* xvmc.h */,
			);
			path = libavcodec;
			sourceTree = "<group>";
		};
		93BCBE9E1C90A420005D2AF7 /* libavdevice */ = {
			isa = PBXGroup;
			children = (
				93BCBE9F1C90A420005D2AF7 /* avdevice.h */,
				93BCBEA01C90A420005D2AF7 /* version.h */,
			);
			path = libavdevice;
			sourceTree = "<group>";
		};
		93BCBEA11C90A420005D2AF7 /* libavfilter */ = {
			isa = PBXGroup;
			children = (
				93BCBEA21C90A420005D2AF7 /* avfilter.h */,
				93BCBEA31C90A420005D2AF7 /* avfiltergraph.h */,
				93BCBEA41C90A420005D2AF7 /* buffersink.h */,
				93BCBEA51C90A420005D2AF7 /* buffersrc.h */,
				93BCBEA61C90A420005D2AF7 /* version.h */,
			);
			path = libavfilter;
			sourceTree = "<group>";
		};
		93BCBEA71C90A420005D2AF7 /* libavformat */ = {
			isa = PBXGroup;
			children = (
				93BCBEA81C90A420005D2AF7 /* avformat.h */,
				93BCBEA91C90A420005D2AF7 /* avio.h */,
				93BCBEAA1C90A420005D2AF7 /* version.h */,
			);
			path = libavformat;
			sourceTree = "<group>";
		};
		93BCBEAB1C90A420005D2AF7 /* libavresample */ = {
			isa = PBXGroup;
			children = (
				93BCBEAC1C90A420005D2AF7 /* avresample.h */,
				93BCBEAD1C90A420005D2AF7 /* version.h */,
			);
			path = libavresample;
			sourceTree = "<group>";
		};
		93BCBEAE1C90A420005D2AF7 /* libavutil */ = {
			isa = PBXGroup;
			children = (
				93BCBEAF1C90A420005D2AF7 /* adler32.h */,
				93BCBEB01C90A420005D2AF7 /* aes.h */,
				93BCBEB11C90A420005D2AF7 /* attributes.h */,
				93BCBEB21C90A420005D2AF7 /* audio_fifo.h */,
				93BCBEB31C90A420005D2AF7 /* audioconvert.h */,
				93BCBEB41C90A420005D2AF7 /* avassert.h */,
				93BCBEB51C90A420005D2AF7 /* avconfig.h */,
				93BCBEB61C90A420005D2AF7 /* avstring.h */,
				93BCBEB71C90A420005D2AF7 /* avutil.h */,
				93BCBEB81C90A420005D2AF7 /* base64.h */,
				93BCBEB91C90A420005D2AF7 /* blowfish.h */,
				93BCBEBA1C90A420005D2AF7 /* bswap.h */,
				93BCBEBB1C90A420005D2AF7 /* buffer.h */,
				93BCBEBC1C90A420005D2AF7 /* channel_layout.h */,
				93BCBEBD1C90A420005D2AF7 /* common.h */,
				93BCBEBE1C90A420005D2AF7 /* cpu.h */,
				93BCBEBF1C90A420005D2AF7 /* crc.h */,
				93BCBEC01C90A420005D2AF7 /* dict.h */,
				93BCBEC11C90A420005D2AF7 /* display.h */,
				93BCBEC21C90A420005D2AF7 /* downmix_info.h */,
				93BCBEC31C90A420005D2AF7 /* error.h */,
				93BCBEC41C90A420005D2AF7 /* eval.h */,
				93BCBEC51C90A420005D2AF7 /* fifo.h */,
				93BCBEC61C90A420005D2AF7 /* file.h */,
				93BCBEC71C90A420005D2AF7 /* frame.h */,
				93BCBEC81C90A420005D2AF7 /* hmac.h */,
				93BCBEC91C90A420005D2AF7 /* imgutils.h */,
				93BCBECA1C90A420005D2AF7 /* intfloat.h */,
				93BCBECB1C90A420005D2AF7 /* intreadwrite.h */,
				93BCBECC1C90A420005D2AF7 /* lfg.h */,
				93BCBECD1C90A420005D2AF7 /* log.h */,
				93BCBECE1C90A420005D2AF7 /* macros.h */,
				93BCBECF1C90A420005D2AF7 /* mathematics.h */,
				93BCBED01C90A420005D2AF7 /* md5.h */,
				93BCBED11C90A420005D2AF7 /* mem.h */,
				93BCBED21C90A420005D2AF7 /* old_pix_fmts.h */,
				93BCBED31C90A420005D2AF7 /* opt.h */,
				93BCBED41C90A420005D2AF7 /* parseutils.h */,
				93BCBED51C90A420005D2AF7 /* pixdesc.h */,
				93BCBED61C90A420005D2AF7 /* pixfmt.h */,
				93BCBED71C90A420005D2AF7 /* random_seed.h */,
				93BCBED81C90A420005D2AF7 /* rational.h */,
				93BCBED91C90A420005D2AF7 /* replaygain.h */,
				93BCBEDA1C90A420005D2AF7 /* samplefmt.h */,
				93BCBEDB1C90A420005D2AF7 /* sha.h */,
				93BCBEDC1C90A420005D2AF7 /* stereo3d.h */,
				93BCBEDD1C90A420005D2AF7 /* version.h */,
				93BCBEDE1C90A420005D2AF7 /* xtea.h */,
			);
			path = libavutil;
			sourceTree = "<group>";
		};
		93BCBEDF1C90A420005D2AF7 /* libswscale */ = {
			isa = PBXGroup;
			children = (
				93BCBEE01C90A420005D2AF7 /* swscale.h */,
				93BCBEE11C90A420005D2AF7 /* version.h */,
			);
			path = libswscale;
			sourceTree = "<group>";
		};
		93BCBEE21C90A420005D2AF7 /* lib */ = {
			isa = PBXGroup;
			children = (
				93BCBEE31C90A420005D2AF7 /* libavcodec.a */,
				93BCBEE41C90A420005D2AF7 /* libavdevice.a */,
				93BCBEE51C90A420005D2AF7 /* libavfilter.a */,
				93BCBEE61C90A420005D2AF7 /* libavformat.a */,
				93BCBEE71C90A420005D2AF7 /* libavutil.a */,
				93BCBEE81C90A420005D2AF7 /* libswscale.a */,
			);
			path = lib;
			sourceTree = "<group>";
		};
		93BCBEE91C90A420005D2AF7 /* MediaLibiOS3x */ = {
			isa = PBXGroup;
			children = (
				93BCBEEA1C90A420005D2AF7 /* include */,
				93BCBEF11C90A420005D2AF7 /* MediaLibiOS.a */,
			);
			path = MediaLibiOS3x;
			sourceTree = "<group>";
		};
		93BCBEEA1C90A420005D2AF7 /* include */ = {
			isa = PBXGroup;
			children = (
				93BCBEEB1C90A420005D2AF7 /* BroadcastStreamClient.h */,
				93BCBEEC1C90A420005D2AF7 /* MediaStreamPlayer.h */,
				93BCBEED1C90A420005D2AF7 /* MPMediaData.h */,
				93BCBEEE1C90A420005D2AF7 /* MPMediaDecoder.h */,
				93BCBEEF1C90A420005D2AF7 /* MPMediaEncoder.h */,
				93BCBEF01C90A420005D2AF7 /* VideoPlayer.h */,
			);
			path = include;
			sourceTree = "<group>";
		};
		93BCBEF21C90A420005D2AF7 /* speex-1.2rc2 */ = {
			isa = PBXGroup;
			children = (
				93BCBEF31C90A420005D2AF7 /* include */,
				93BCBEFB1C90A420005D2AF7 /* lib */,
			);
			path = "speex-1.2rc2";
			sourceTree = "<group>";
		};
		93BCBEF31C90A420005D2AF7 /* include */ = {
			isa = PBXGroup;
			children = (
				93BCBEF41C90A420005D2AF7 /* speex.h */,
				93BCBEF51C90A420005D2AF7 /* speex_bits.h */,
				93BCBEF61C90A420005D2AF7 /* speex_callbacks.h */,
				93BCBEF71C90A420005D2AF7 /* speex_config_types.h */,
				93BCBEF81C90A420005D2AF7 /* speex_header.h */,
				93BCBEF91C90A420005D2AF7 /* speex_stereo.h */,
				93BCBEFA1C90A420005D2AF7 /* speex_types.h */,
			);
			path = include;
			sourceTree = "<group>";
		};
		93BCBEFB1C90A420005D2AF7 /* lib */ = {
			isa = PBXGroup;
			children = (
				93BCBEFC1C90A420005D2AF7 /* libspeex.a */,
			);
			path = lib;
			sourceTree = "<group>";
		};
		93BCBEFD1C90A420005D2AF7 /* x264 */ = {
			isa = PBXGroup;
			children = (
				93BCBEFE1C90A420005D2AF7 /* include */,
				93BCBF011C90A420005D2AF7 /* lib */,
			);
			path = x264;
			sourceTree = "<group>";
		};
		93BCBEFE1C90A420005D2AF7 /* include */ = {
			isa = PBXGroup;
			children = (
				93BCBEFF1C90A420005D2AF7 /* x264.h */,
				93BCBF001C90A420005D2AF7 /* x264_config.h */,
			);
			path = include;
			sourceTree = "<group>";
		};
		93BCBF011C90A420005D2AF7 /* lib */ = {
			isa = PBXGroup;
			children = (
				93BCBF021C90A420005D2AF7 /* libx264.a */,
			);
			path = lib;
			sourceTree = "<group>";
		};
/* End PBXGroup section */

/* Begin PBXNativeTarget section */
		93BCBB3B1C88F2F9005D2AF7 /* SuhDude */ = {
			isa = PBXNativeTarget;
			buildConfigurationList = 93BCBB4E1C88F2F9005D2AF7 /* Build configuration list for PBXNativeTarget "SuhDude" */;
			buildPhases = (
				93BCBB381C88F2F9005D2AF7 /* Sources */,
				93BCBB391C88F2F9005D2AF7 /* Frameworks */,
				93BCBB3A1C88F2F9005D2AF7 /* Resources */,
			);
			buildRules = (
			);
			dependencies = (
			);
			name = SuhDude;
			productName = SuhDude;
			productReference = 93BCBB3C1C88F2F9005D2AF7 /* SuhDude.app */;
			productType = "com.apple.product-type.application";
		};
/* End PBXNativeTarget section */

/* Begin PBXProject section */
		93BCBB341C88F2F9005D2AF7 /* Project object */ = {
			isa = PBXProject;
			attributes = {
				LastSwiftUpdateCheck = 0720;
				LastUpgradeCheck = 0720;
				ORGANIZATIONNAME = "nektur labs";
				TargetAttributes = {
					93BCBB3B1C88F2F9005D2AF7 = {
						CreatedOnToolsVersion = 7.2.1;
					};
				};
			};
			buildConfigurationList = 93BCBB371C88F2F9005D2AF7 /* Build configuration list for PBXProject "SuhDude" */;
			compatibilityVersion = "Xcode 3.2";
			developmentRegion = English;
			hasScannedForEncodings = 0;
			knownRegions = (
				en,
				Base,
			);
			mainGroup = 93BCBB331C88F2F9005D2AF7;
			productRefGroup = 93BCBB3D1C88F2F9005D2AF7 /* Products */;
			projectDirPath = "";
			projectRoot = "";
			targets = (
				93BCBB3B1C88F2F9005D2AF7 /* SuhDude */,
			);
		};
/* End PBXProject section */

/* Begin PBXResourcesBuildPhase section */
		93BCBB3A1C88F2F9005D2AF7 /* Resources */ = {
			isa = PBXResourcesBuildPhase;
			buildActionMask = 2147483647;
			files = (
				93BCBB4A1C88F2F9005D2AF7 /* LaunchScreen.storyboard in Resources */,
				93BCBC481C8B742A005D2AF7 /* knewave-outline.ttf in Resources */,
				93BCBC491C8B742A005D2AF7 /* knewave.ttf in Resources */,
				93BCBB471C88F2F9005D2AF7 /* Assets.xcassets in Resources */,
				93BCBC3D1C8B37A5005D2AF7 /* suhDude2NL.aif in Resources */,
				93BCBB451C88F2F9005D2AF7 /* Main.storyboard in Resources */,
			);
			runOnlyForDeploymentPostprocessing = 0;
		};
/* End PBXResourcesBuildPhase section */

/* Begin PBXSourcesBuildPhase section */
		93BCBB381C88F2F9005D2AF7 /* Sources */ = {
			isa = PBXSourcesBuildPhase;
			buildActionMask = 2147483647;
			files = (
				93BCBC421C8B57D5005D2AF7 /* Extensions.swift in Sources */,
				93BCBE361C8FD29C005D2AF7 /* AddFriendTableViewCell.swift in Sources */,
				93BCBC3B1C8B35D6005D2AF7 /* RegisterUserViewController.swift in Sources */,
				93BCBC451C8B6314005D2AF7 /* UserManager.swift in Sources */,
				93BCBC391C8B3162005D2AF7 /* SignUpViewController.swift in Sources */,
				93BCBB421C88F2F9005D2AF7 /* MainViewController.swift in Sources */,
				93BCBC4F1C8BA27C005D2AF7 /* Device.swift in Sources */,
				93BCBE311C8F916F005D2AF7 /* AddFriendsViewController.swift in Sources */,
				93BCBB401C88F2F9005D2AF7 /* AppDelegate.swift in Sources */,
				93BCBC511C8D488F005D2AF7 /* PushManager.swift in Sources */,
			);
			runOnlyForDeploymentPostprocessing = 0;
		};
/* End PBXSourcesBuildPhase section */

/* Begin PBXVariantGroup section */
		93BCBB431C88F2F9005D2AF7 /* Main.storyboard */ = {
			isa = PBXVariantGroup;
			children = (
				93BCBB441C88F2F9005D2AF7 /* Base */,
			);
			name = Main.storyboard;
			sourceTree = "<group>";
		};
		93BCBB481C88F2F9005D2AF7 /* LaunchScreen.storyboard */ = {
			isa = PBXVariantGroup;
			children = (
				93BCBB491C88F2F9005D2AF7 /* Base */,
			);
			name = LaunchScreen.storyboard;
			sourceTree = "<group>";
		};
/* End PBXVariantGroup section */

/* Begin XCBuildConfiguration section */
		93BCBB4C1C88F2F9005D2AF7 /* Debug */ = {
			isa = XCBuildConfiguration;
			buildSettings = {
				ALWAYS_SEARCH_USER_PATHS = NO;
				CLANG_CXX_LANGUAGE_STANDARD = "gnu++0x";
				CLANG_CXX_LIBRARY = "libc++";
				CLANG_ENABLE_MODULES = YES;
				CLANG_ENABLE_OBJC_ARC = YES;
				CLANG_WARN_BOOL_CONVERSION = YES;
				CLANG_WARN_CONSTANT_CONVERSION = YES;
				CLANG_WARN_DIRECT_OBJC_ISA_USAGE = YES_ERROR;
				CLANG_WARN_EMPTY_BODY = YES;
				CLANG_WARN_ENUM_CONVERSION = YES;
				CLANG_WARN_INT_CONVERSION = YES;
				CLANG_WARN_OBJC_ROOT_CLASS = YES_ERROR;
				CLANG_WARN_UNREACHABLE_CODE = YES;
				CLANG_WARN__DUPLICATE_METHOD_MATCH = YES;
				CODE_SIGN_IDENTITY = "iPhone Developer: Viktor Denic (9YM25QUSQR)";
				"CODE_SIGN_IDENTITY[sdk=iphoneos*]" = "iPhone Developer";
				COPY_PHASE_STRIP = NO;
				DEBUG_INFORMATION_FORMAT = dwarf;
				ENABLE_STRICT_OBJC_MSGSEND = YES;
				ENABLE_TESTABILITY = YES;
				GCC_C_LANGUAGE_STANDARD = gnu99;
				GCC_DYNAMIC_NO_PIC = NO;
				GCC_NO_COMMON_BLOCKS = YES;
				GCC_OPTIMIZATION_LEVEL = 0;
				GCC_PREPROCESSOR_DEFINITIONS = (
					"DEBUG=1",
					"$(inherited)",
				);
				GCC_WARN_64_TO_32_BIT_CONVERSION = YES;
				GCC_WARN_ABOUT_RETURN_TYPE = YES_ERROR;
				GCC_WARN_UNDECLARED_SELECTOR = YES;
				GCC_WARN_UNINITIALIZED_AUTOS = YES_AGGRESSIVE;
				GCC_WARN_UNUSED_FUNCTION = YES;
				GCC_WARN_UNUSED_VARIABLE = YES;
				IPHONEOS_DEPLOYMENT_TARGET = 9.2;
				MTL_ENABLE_DEBUG_INFO = YES;
				ONLY_ACTIVE_ARCH = YES;
				PROVISIONING_PROFILE = "337d4e7f-2a6b-4aed-b4f9-b1a3cdb38613";
				SDKROOT = iphoneos;
				SWIFT_OPTIMIZATION_LEVEL = "-Onone";
			};
			name = Debug;
		};
		93BCBB4D1C88F2F9005D2AF7 /* Release */ = {
			isa = XCBuildConfiguration;
			buildSettings = {
				ALWAYS_SEARCH_USER_PATHS = NO;
				CLANG_CXX_LANGUAGE_STANDARD = "gnu++0x";
				CLANG_CXX_LIBRARY = "libc++";
				CLANG_ENABLE_MODULES = YES;
				CLANG_ENABLE_OBJC_ARC = YES;
				CLANG_WARN_BOOL_CONVERSION = YES;
				CLANG_WARN_CONSTANT_CONVERSION = YES;
				CLANG_WARN_DIRECT_OBJC_ISA_USAGE = YES_ERROR;
				CLANG_WARN_EMPTY_BODY = YES;
				CLANG_WARN_ENUM_CONVERSION = YES;
				CLANG_WARN_INT_CONVERSION = YES;
				CLANG_WARN_OBJC_ROOT_CLASS = YES_ERROR;
				CLANG_WARN_UNREACHABLE_CODE = YES;
				CLANG_WARN__DUPLICATE_METHOD_MATCH = YES;
				CODE_SIGN_IDENTITY = "iPhone Developer: Viktor Denic (9YM25QUSQR)";
				"CODE_SIGN_IDENTITY[sdk=iphoneos*]" = "iPhone Developer";
				COPY_PHASE_STRIP = NO;
				DEBUG_INFORMATION_FORMAT = "dwarf-with-dsym";
				ENABLE_NS_ASSERTIONS = NO;
				ENABLE_STRICT_OBJC_MSGSEND = YES;
				GCC_C_LANGUAGE_STANDARD = gnu99;
				GCC_NO_COMMON_BLOCKS = YES;
				GCC_WARN_64_TO_32_BIT_CONVERSION = YES;
				GCC_WARN_ABOUT_RETURN_TYPE = YES_ERROR;
				GCC_WARN_UNDECLARED_SELECTOR = YES;
				GCC_WARN_UNINITIALIZED_AUTOS = YES_AGGRESSIVE;
				GCC_WARN_UNUSED_FUNCTION = YES;
				GCC_WARN_UNUSED_VARIABLE = YES;
				IPHONEOS_DEPLOYMENT_TARGET = 9.2;
				MTL_ENABLE_DEBUG_INFO = NO;
				PROVISIONING_PROFILE = "337d4e7f-2a6b-4aed-b4f9-b1a3cdb38613";
				SDKROOT = iphoneos;
				VALIDATE_PRODUCT = YES;
			};
			name = Release;
		};
		93BCBB4F1C88F2F9005D2AF7 /* Debug */ = {
			isa = XCBuildConfiguration;
			buildSettings = {
				ASSETCATALOG_COMPILER_APPICON_NAME = AppIcon;
				CODE_SIGN_IDENTITY = "iPhone Developer: Viktor Denic (9YM25QUSQR)";
				INFOPLIST_FILE = SuhDude/Info.plist;
				IPHONEOS_DEPLOYMENT_TARGET = 8.0;
				LD_RUNPATH_SEARCH_PATHS = "$(inherited) @executable_path/Frameworks";
				LIBRARY_SEARCH_PATHS = (
					"$(inherited)",
					"$(PROJECT_DIR)/lib/backendless",
					"$(PROJECT_DIR)/lib/CommLibiOS",
					"$(PROJECT_DIR)/lib/libav-11.4/lib",
					"$(PROJECT_DIR)/lib/MediaLibiOS3x",
					"$(PROJECT_DIR)/lib/speex-1.2rc2/lib",
					"$(PROJECT_DIR)/lib/x264/lib",
					"$(PROJECT_DIR)/lib/**",
				);
				PRODUCT_BUNDLE_IDENTIFIER = com.vikzilla.suhdude;
				PRODUCT_NAME = "$(TARGET_NAME)";
				PROVISIONING_PROFILE = "337d4e7f-2a6b-4aed-b4f9-b1a3cdb38613";
				SWIFT_OBJC_BRIDGING_HEADER = "$(PROJECT_DIR)/lib/backendless/include/Backendless-Bridging-Header.h";
			};
			name = Debug;
		};
		93BCBB501C88F2F9005D2AF7 /* Release */ = {
			isa = XCBuildConfiguration;
			buildSettings = {
				ASSETCATALOG_COMPILER_APPICON_NAME = AppIcon;
				"CODE_SIGN_IDENTITY[sdk=iphoneos*]" = "iPhone Developer: Viktor Denic (9YM25QUSQR)";
				INFOPLIST_FILE = SuhDude/Info.plist;
				IPHONEOS_DEPLOYMENT_TARGET = 8.0;
				LD_RUNPATH_SEARCH_PATHS = "$(inherited) @executable_path/Frameworks";
				LIBRARY_SEARCH_PATHS = (
					"$(inherited)",
					"$(PROJECT_DIR)/lib/backendless",
					"$(PROJECT_DIR)/lib/CommLibiOS",
					"$(PROJECT_DIR)/lib/libav-11.4/lib",
					"$(PROJECT_DIR)/lib/MediaLibiOS3x",
					"$(PROJECT_DIR)/lib/speex-1.2rc2/lib",
					"$(PROJECT_DIR)/lib/x264/lib",
					"$(PROJECT_DIR)/lib/**",
				);
				PRODUCT_BUNDLE_IDENTIFIER = com.vikzilla.suhdude;
				PRODUCT_NAME = "$(TARGET_NAME)";
				PROVISIONING_PROFILE = "337d4e7f-2a6b-4aed-b4f9-b1a3cdb38613";
				SWIFT_OBJC_BRIDGING_HEADER = "$(PROJECT_DIR)/lib/backendless/include/Backendless-Bridging-Header.h";
			};
			name = Release;
		};
/* End XCBuildConfiguration section */

/* Begin XCConfigurationList section */
		93BCBB371C88F2F9005D2AF7 /* Build configuration list for PBXProject "SuhDude" */ = {
			isa = XCConfigurationList;
			buildConfigurations = (
				93BCBB4C1C88F2F9005D2AF7 /* Debug */,
				93BCBB4D1C88F2F9005D2AF7 /* Release */,
			);
			defaultConfigurationIsVisible = 0;
			defaultConfigurationName = Release;
		};
		93BCBB4E1C88F2F9005D2AF7 /* Build configuration list for PBXNativeTarget "SuhDude" */ = {
			isa = XCConfigurationList;
			buildConfigurations = (
				93BCBB4F1C88F2F9005D2AF7 /* Debug */,
				93BCBB501C88F2F9005D2AF7 /* Release */,
			);
			defaultConfigurationIsVisible = 0;
			defaultConfigurationName = Release;
		};
/* End XCConfigurationList section */
	};
	rootObject = 93BCBB341C88F2F9005D2AF7 /* Project object */;
}
